
Microsoft Visual Studio Solution File, Format Version 12.00
# Visual Studio Version 16
VisualStudioVersion = 16.0.31729.503
MinimumVisualStudioVersion = 10.0.40219.1
Project("{FAE04EC0-301F-11D3-BF4B-00C04F79EFBC}") = "productlistoriginT", "productlistoriginT\productlistoriginT.csproj", "{5EDCA637-CE1B-45D5-83A6-ED562C56046D}"
EndProject
Global
	GlobalSection(SolutionConfigurationPlatforms) = preSolution
		Debug|Any CPU = Debug|Any CPU
		Release|Any CPU = Release|Any CPU
	EndGlobalSection
	GlobalSection(ProjectConfigurationPlatforms) = postSolution
		{5EDCA637-CE1B-45D5-83A6-ED562C56046D}.Debug|Any CPU.ActiveCfg = Debug|Any CPU
		{5EDCA637-CE1B-45D5-83A6-ED562C56046D}.Debug|Any CPU.Build.0 = Debug|Any CPU
		{5EDCA637-CE1B-45D5-83A6-ED562C56046D}.Release|Any CPU.ActiveCfg = Release|Any CPU
		{5EDCA637-CE1B-45D5-83A6-ED562C56046D}.Release|Any CPU.Build.0 = Release|Any CPU
	EndGlobalSection
	GlobalSection(SolutionProperties) = preSolution
		HideSolutionNode = FALSE
	EndGlobalSection
	GlobalSection(ExtensibilityGlobals) = postSolution
		SolutionGuid = {F1A43C1D-13A0-409A-98C2-ED9F99245E05}
	EndGlobalSection
EndGlobal
